# This file is generated by running "yarn install" inside your project.
# Manual changes might be lost - proceed with caution!

__metadata:
  version: 5
  cacheKey: 8

"@dabh/diagnostics@npm:^2.0.2":
  version: 2.0.2
  resolution: "@dabh/diagnostics@npm:2.0.2"
  dependencies:
    colorspace: 1.1.x
    enabled: 2.0.x
    kuler: ^2.0.0
  checksum: 4d95cc31249a840b6cc3dba3dc4345a9295265413456068a0d07b69fa0ec6a5a5bc2c39e56ec04c6509ac1f4d9c17fc80baaaddd5caa1abcdd3aaeffe2b63cec
  languageName: node
  linkType: hard

"@tootallnate/once@npm:2":
  version: 2.0.0
  resolution: "@tootallnate/once@npm:2.0.0"
  checksum: ad87447820dd3f24825d2d947ebc03072b20a42bfc96cbafec16bff8bbda6c1a81fcb0be56d5b21968560c5359a0af4038a68ba150c3e1694fe4c109a063bed8
  languageName: node
  linkType: hard

"abab@npm:^2.0.3, abab@npm:^2.0.5":
  version: 2.0.5
  resolution: "abab@npm:2.0.5"
  checksum: 0ec951b46d5418c2c2f923021ec193eaebdb4e802ffd5506286781b454be722a13a8430f98085cd3e204918401d9130ec6cc8f5ae19be315b3a0e857d83196e1
  languageName: node
  linkType: hard

"acorn-globals@npm:^6.0.0":
  version: 6.0.0
  resolution: "acorn-globals@npm:6.0.0"
  dependencies:
    acorn: ^7.1.1
    acorn-walk: ^7.1.1
  checksum: 72d95e5b5e585f9acd019b993ab8bbba68bb3cbc9d9b5c1ebb3c2f1fe5981f11deababfb4949f48e6262f9c57878837f5958c0cca396f81023814680ca878042
  languageName: node
  linkType: hard

"acorn-walk@npm:^7.1.1":
  version: 7.2.0
  resolution: "acorn-walk@npm:7.2.0"
  checksum: 9252158a79b9d92f1bc0dd6acc0fcfb87a67339e84bcc301bb33d6078936d27e35d606b4d35626d2962cd43c256d6f27717e70cbe15c04fff999ab0b2260b21f
  languageName: node
  linkType: hard

"acorn@npm:^7.1.1":
  version: 7.4.1
  resolution: "acorn@npm:7.4.1"
  bin:
    acorn: bin/acorn
  checksum: 1860f23c2107c910c6177b7b7be71be350db9e1080d814493fae143ae37605189504152d1ba8743ba3178d0b37269ce1ffc42b101547fdc1827078f82671e407
  languageName: node
  linkType: hard

"acorn@npm:^8.5.0":
  version: 8.7.0
  resolution: "acorn@npm:8.7.0"
  bin:
    acorn: bin/acorn
  checksum: e0f79409d68923fbf1aa6d4166f3eedc47955320d25c89a20cc822e6ba7c48c5963d5bc657bc242d68f7a4ac9faf96eef033e8f73656da6c640d4219935fdfd0
  languageName: node
  linkType: hard

"agent-base@npm:6":
  version: 6.0.2
  resolution: "agent-base@npm:6.0.2"
  dependencies:
    debug: 4
  checksum: f52b6872cc96fd5f622071b71ef200e01c7c4c454ee68bc9accca90c98cfb39f2810e3e9aa330435835eedc8c23f4f8a15267f67c6e245d2b33757575bdac49d
  languageName: node
  linkType: hard

"async@npm:^3.2.3":
  version: 3.2.3
  resolution: "async@npm:3.2.3"
  checksum: c4bee57ab2249af3dc83ca3ef9acfa8e822c0d5e5aa41bae3eaf7f673648343cd64ecd7d26091ffd357f3f044428b17b5f00098494b6cf8b6b3e9681f0636ca1
  languageName: node
  linkType: hard

"async@npm:~1.2.1":
  version: 1.2.1
  resolution: "async@npm:1.2.1"
  checksum: dd2d00bede64574660ba114d6431b587d3fbb7760c147f97993ec5232be991cf39126a78beb2dfc9c29607312163c3523fedd797c90bcbf312ae1f70926f182c
  languageName: node
  linkType: hard

"asynckit@npm:^0.4.0":
  version: 0.4.0
  resolution: "asynckit@npm:0.4.0"
  checksum: 7b78c451df768adba04e2d02e63e2d0bf3b07adcd6e42b4cf665cb7ce899bedd344c69a1dcbce355b5f972d597b25aaa1c1742b52cffd9caccb22f348114f6be
  languageName: node
  linkType: hard

"axios-cookiejar-support@npm:^1.0.1":
  version: 1.0.1
  resolution: "axios-cookiejar-support@npm:1.0.1"
  dependencies:
    is-redirect: ^1.0.0
    pify: ^5.0.0
  peerDependencies:
    "@types/tough-cookie": ">=2.3.3"
    axios: ">=0.16.2"
    tough-cookie: ">=2.3.3"
  checksum: 5479790240d108fc3ff1e393dc57ec51524f080ae3492f9d0aece876dab68513d79e99db72b642c72d6bc82d82dd64f26bd32eddc783739b0ab13ac9d5179dba
  languageName: node
  linkType: hard

"axios@npm:^0.25.0":
  version: 0.25.0
  resolution: "axios@npm:0.25.0"
  dependencies:
    follow-redirects: ^1.14.7
  checksum: 2a8a3787c05f2a0c9c3878f49782357e2a9f38945b93018fb0c4fd788171c43dceefbb577988628e09fea53952744d1ecebde234b561f1e703aa43e0a598a3ad
  languageName: node
  linkType: hard

"browser-process-hrtime@npm:^1.0.0":
  version: 1.0.0
  resolution: "browser-process-hrtime@npm:1.0.0"
  checksum: e30f868cdb770b1201afb714ad1575dd86366b6e861900884665fb627109b3cc757c40067d3bfee1ff2a29c835257ea30725a8018a9afd02ac1c24b408b1e45f
  languageName: node
  linkType: hard

"buffer-writer@npm:2.0.0":
  version: 2.0.0
  resolution: "buffer-writer@npm:2.0.0"
  checksum: 11736b48bb75106c52ca8ec9f025e7c1b3b25ce31875f469d7210eabd5c576c329e34f6b805d4a8d605ff3f0db1e16342328802c4c963e9c826b0e43a4e631c2
  languageName: node
  linkType: hard

"color-convert@npm:^1.9.3":
  version: 1.9.3
  resolution: "color-convert@npm:1.9.3"
  dependencies:
    color-name: 1.1.3
  checksum: fd7a64a17cde98fb923b1dd05c5f2e6f7aefda1b60d67e8d449f9328b4e53b228a428fd38bfeaeb2db2ff6b6503a776a996150b80cdf224062af08a5c8a3a203
  languageName: node
  linkType: hard

"color-name@npm:1.1.3":
  version: 1.1.3
  resolution: "color-name@npm:1.1.3"
  checksum: 09c5d3e33d2105850153b14466501f2bfb30324a2f76568a408763a3b7433b0e50e5b4ab1947868e65cb101bb7cb75029553f2c333b6d4b8138a73fcc133d69d
  languageName: node
  linkType: hard

"color-name@npm:^1.0.0":
  version: 1.1.4
  resolution: "color-name@npm:1.1.4"
  checksum: b0445859521eb4021cd0fb0cc1a75cecf67fceecae89b63f62b201cca8d345baf8b952c966862a9d9a2632987d4f6581f0ec8d957dfacece86f0a7919316f610
  languageName: node
  linkType: hard

"color-string@npm:^1.6.0":
  version: 1.9.0
  resolution: "color-string@npm:1.9.0"
  dependencies:
    color-name: ^1.0.0
    simple-swizzle: ^0.2.2
  checksum: 93c6678b847f8cfa47d19677fd19e1d4b19d7a33f100644400357c298266080b5bca64e5f874fa8ac8cc0aa0606ad44f7a838b4e6fd05e6affea190a68555bb4
  languageName: node
  linkType: hard

"color@npm:^3.1.3":
  version: 3.2.1
  resolution: "color@npm:3.2.1"
  dependencies:
    color-convert: ^1.9.3
    color-string: ^1.6.0
  checksum: f81220e8b774d35865c2561be921f5652117638dcda7ca4029262046e37fc2444ac7bbfdd110cf1fd9c074a4ee5eda8f85944ffbdda26186b602dd9bb05f6400
  languageName: node
  linkType: hard

"colorette@npm:2.0.16":
  version: 2.0.16
  resolution: "colorette@npm:2.0.16"
  checksum: cd55596a3a2d1071c1a28eee7fd8a5387593ff1bd10a3e8d0a6221499311fe34a9f2b9272d77c391e0e003dcdc8934fb2f8d106e7ef1f7516f8060c901d41a27
  languageName: node
  linkType: hard

"colors@npm:1.4.0":
  version: 1.4.0
  resolution: "colors@npm:1.4.0"
  checksum: 98aa2c2418ad87dedf25d781be69dc5fc5908e279d9d30c34d8b702e586a0474605b3a189511482b9d5ed0d20c867515d22749537f7bc546256c6014f3ebdcec
  languageName: node
  linkType: hard

"colorspace@npm:1.1.x":
  version: 1.1.4
  resolution: "colorspace@npm:1.1.4"
  dependencies:
    color: ^3.1.3
    text-hex: 1.0.x
  checksum: bb3934ef3c417e961e6d03d7ca60ea6e175947029bfadfcdb65109b01881a1c0ecf9c2b0b59abcd0ee4a0d7c1eae93beed01b0e65848936472270a0b341ebce8
  languageName: node
  linkType: hard

"combined-stream@npm:^1.0.8":
  version: 1.0.8
  resolution: "combined-stream@npm:1.0.8"
  dependencies:
    delayed-stream: ~1.0.0
  checksum: 49fa4aeb4916567e33ea81d088f6584749fc90c7abec76fd516bf1c5aa5c79f3584b5ba3de6b86d26ddd64bae5329c4c7479343250cfe71c75bb366eae53bb7c
  languageName: node
  linkType: hard

"commander@npm:^8.3.0":
  version: 8.3.0
  resolution: "commander@npm:8.3.0"
  checksum: 0f82321821fc27b83bd409510bb9deeebcfa799ff0bf5d102128b500b7af22872c0c92cb6a0ebc5a4cf19c6b550fba9cedfa7329d18c6442a625f851377bacf0
  languageName: node
  linkType: hard

"console-polyfill@npm:0.3.0":
  version: 0.3.0
  resolution: "console-polyfill@npm:0.3.0"
  checksum: ad67d05ae9c95db9535981aa9de7e1b5f2e3f9d0b5179b08c051ca85ac7a3fedbc8851082ef9abae72c2e2328c85c87fbc53e8bd88e4a2cc483e9633645f8fe1
  languageName: node
  linkType: hard

"cssom@npm:^0.5.0":
  version: 0.5.0
  resolution: "cssom@npm:0.5.0"
  checksum: 823471aa30091c59e0a305927c30e7768939b6af70405808f8d2ce1ca778cddcb24722717392438329d1691f9a87cb0183b64b8d779b56a961546d54854fde01
  languageName: node
  linkType: hard

"cssom@npm:~0.3.6":
  version: 0.3.8
  resolution: "cssom@npm:0.3.8"
  checksum: 24beb3087c76c0d52dd458be9ee1fbc80ac771478a9baef35dd258cdeb527c68eb43204dd439692bb2b1ae5272fa5f2946d10946edab0d04f1078f85e06bc7f6
  languageName: node
  linkType: hard

"cssstyle@npm:^2.3.0":
  version: 2.3.0
  resolution: "cssstyle@npm:2.3.0"
  dependencies:
    cssom: ~0.3.6
  checksum: 5f05e6fd2e3df0b44695c2f08b9ef38b011862b274e320665176467c0725e44a53e341bc4959a41176e83b66064ab786262e7380fd1cabeae6efee0d255bb4e3
  languageName: node
  linkType: hard

"data-urls@npm:^3.0.1":
  version: 3.0.1
  resolution: "data-urls@npm:3.0.1"
  dependencies:
    abab: ^2.0.3
    whatwg-mimetype: ^3.0.0
    whatwg-url: ^10.0.0
  checksum: 00c71280d5d8146a2f19f3fce3ce59c3b860c66cd584f4e7db8764477a9c97966fa06543c9d9d28b762784f50e21c2e2ccb2d0be24b392ec82eb21daf7804b3e
  languageName: node
  linkType: hard

"debug@npm:4, debug@npm:4.3.3":
  version: 4.3.3
  resolution: "debug@npm:4.3.3"
  dependencies:
    ms: 2.1.2
  peerDependenciesMeta:
    supports-color:
      optional: true
  checksum: 14472d56fe4a94dbcfaa6dbed2dd3849f1d72ba78104a1a328047bb564643ca49df0224c3a17fa63533fd11dd3d4c8636cd861191232a2c6735af00cc2d4de16
  languageName: node
  linkType: hard

"decache@npm:^3.0.5":
  version: 3.1.0
  resolution: "decache@npm:3.1.0"
  dependencies:
    find: ^0.2.4
  checksum: 8e5508a0238e9e7da66f17fe9b8429e7c6c92f5d40b23dedb1dce15219d899f9e5385553d2a143f44a5145a28ff8aab6008cc850ddedafcdd672505a14208c36
  languageName: node
  linkType: hard

"decimal.js@npm:^10.3.1":
  version: 10.3.1
  resolution: "decimal.js@npm:10.3.1"
  checksum: 0351ac9f05fe050f23227aa6a4573bee2d58fa7378fcf28d969a8c789525032effb488a90320fd3fe86a66e17b4bc507d811b15eada5b7f0e7ec5d2af4c24a59
  languageName: node
  linkType: hard

"deep-is@npm:~0.1.3":
  version: 0.1.4
  resolution: "deep-is@npm:0.1.4"
  checksum: edb65dd0d7d1b9c40b2f50219aef30e116cedd6fc79290e740972c132c09106d2e80aa0bc8826673dd5a00222d4179c84b36a790eef63a4c4bca75a37ef90804
  languageName: node
  linkType: hard

"delayed-stream@npm:~1.0.0":
  version: 1.0.0
  resolution: "delayed-stream@npm:1.0.0"
  checksum: 46fe6e83e2cb1d85ba50bd52803c68be9bd953282fa7096f51fc29edd5d67ff84ff753c51966061e5ba7cb5e47ef6d36a91924eddb7f3f3483b1c560f77a0020
  languageName: node
  linkType: hard

"domexception@npm:^4.0.0":
  version: 4.0.0
  resolution: "domexception@npm:4.0.0"
  dependencies:
    webidl-conversions: ^7.0.0
  checksum: ddbc1268edf33a8ba02ccc596735ede80375ee0cf124b30d2f05df5b464ba78ef4f49889b6391df4a04954e63d42d5631c7fcf8b1c4f12bc531252977a5f13d5
  languageName: node
  linkType: hard

"dotenv@npm:^14.2.0":
  version: 14.2.0
  resolution: "dotenv@npm:14.2.0"
  checksum: 85a0e44918ef49e64c278f757dab50a156b9a6ca67f708876fd81d265e575e35b67387fc681d910df99368d6c1edca66cd546edeb0f7db3b499cb876c999233e
  languageName: node
  linkType: hard

"enabled@npm:2.0.x":
  version: 2.0.0
  resolution: "enabled@npm:2.0.0"
  checksum: 9d256d89f4e8a46ff988c6a79b22fa814b4ffd82826c4fdacd9b42e9b9465709d3b748866d0ab4d442dfc6002d81de7f7b384146ccd1681f6a7f868d2acca063
  languageName: node
  linkType: hard

"error-stack-parser@npm:^2.0.4":
  version: 2.0.6
  resolution: "error-stack-parser@npm:2.0.6"
  dependencies:
    stackframe: ^1.1.1
  checksum: bd8e048fcb1c0c74ab201271fec3b39c097a7c24bdef1718828d053c0584da5d7ad845253b5e4773803ee8e7450b23b0920e60a3b60dd403c1568c843058cb12
  languageName: node
  linkType: hard

"escalade@npm:^3.1.1":
  version: 3.1.1
  resolution: "escalade@npm:3.1.1"
  checksum: a3e2a99f07acb74b3ad4989c48ca0c3140f69f923e56d0cba0526240ee470b91010f9d39001f2a4a313841d237ede70a729e92125191ba5d21e74b106800b133
  languageName: node
  linkType: hard

"escodegen@npm:^2.0.0":
  version: 2.0.0
  resolution: "escodegen@npm:2.0.0"
  dependencies:
    esprima: ^4.0.1
    estraverse: ^5.2.0
    esutils: ^2.0.2
    optionator: ^0.8.1
    source-map: ~0.6.1
  dependenciesMeta:
    source-map:
      optional: true
  bin:
    escodegen: bin/escodegen.js
    esgenerate: bin/esgenerate.js
  checksum: 5aa6b2966fafe0545e4e77936300cc94ad57cfe4dc4ebff9950492eaba83eef634503f12d7e3cbd644ecc1bab388ad0e92b06fd32222c9281a75d1cf02ec6cef
  languageName: node
  linkType: hard

"esm@npm:^3.2.25":
  version: 3.2.25
  resolution: "esm@npm:3.2.25"
  checksum: 978aabe2de83541c105605a6d60a26ed8e627ef6bb0a7605fe15a95bbdea6b8348bd045255cb22219c054dd09a81a94823df00843d9e97f42419c92015ce3a64
  languageName: node
  linkType: hard

"esprima@npm:^4.0.1":
  version: 4.0.1
  resolution: "esprima@npm:4.0.1"
  bin:
    esparse: ./bin/esparse.js
    esvalidate: ./bin/esvalidate.js
  checksum: b45bc805a613dbea2835278c306b91aff6173c8d034223fa81498c77dcbce3b2931bf6006db816f62eacd9fd4ea975dfd85a5b7f3c6402cfd050d4ca3c13a628
  languageName: node
  linkType: hard

"estraverse@npm:^5.2.0":
  version: 5.3.0
  resolution: "estraverse@npm:5.3.0"
  checksum: 072780882dc8416ad144f8fe199628d2b3e7bbc9989d9ed43795d2c90309a2047e6bc5979d7e2322a341163d22cfad9e21f4110597fe487519697389497e4e2b
  languageName: node
  linkType: hard

"esutils@npm:^2.0.2":
  version: 2.0.3
  resolution: "esutils@npm:2.0.3"
  checksum: 22b5b08f74737379a840b8ed2036a5fb35826c709ab000683b092d9054e5c2a82c27818f12604bfc2a9a76b90b6834ef081edbc1c7ae30d1627012e067c6ec87
  languageName: node
  linkType: hard

"fast-levenshtein@npm:~2.0.6":
  version: 2.0.6
  resolution: "fast-levenshtein@npm:2.0.6"
  checksum: 92cfec0a8dfafd9c7a15fba8f2cc29cd0b62b85f056d99ce448bbcd9f708e18ab2764bda4dd5158364f4145a7c72788538994f0d1787b956ef0d1062b0f7c24c
  languageName: node
  linkType: hard

"fecha@npm:^4.2.0":
  version: 4.2.1
  resolution: "fecha@npm:4.2.1"
  checksum: 26993474949d94cd2de5eee7dfe283d671d5cd61acdba8819df478cbc86495273363f4a7e98d15ee51563110a38328d268982a6e9048169bce8f15aeba5931f9
  languageName: node
  linkType: hard

"find@npm:^0.2.4":
  version: 0.2.9
  resolution: "find@npm:0.2.9"
  dependencies:
    traverse-chain: ~0.1.0
  checksum: a308a3cf419a9ec06d41b4930fe152e929dc38425dfe93ea940c62fe9d0ba4636ff07a5c39a31e6be5764f4743ac6a9c80f40539f1ff92376b53d21a32d88e3d
  languageName: node
  linkType: hard

"fn.name@npm:1.x.x":
  version: 1.1.0
  resolution: "fn.name@npm:1.1.0"
  checksum: e357144f48cfc9a7f52a82bbc6c23df7c8de639fce049cac41d41d62cabb740cdb9f14eddc6485e29c933104455bdd7a69bb14a9012cef9cd4fa252a4d0cf293
  languageName: node
  linkType: hard

"follow-redirects@npm:^1.14.7":
  version: 1.14.7
  resolution: "follow-redirects@npm:1.14.7"
  peerDependenciesMeta:
    debug:
      optional: true
  checksum: f6d03e5e30877431065bca0d1b2e3db93949eb799d368a5c07ea8a4b71205f0349a3f8f0191bf13a07c93885522834dca1dc8e527dc99a772c6911fba24edc5f
  languageName: node
  linkType: hard

"form-data@npm:^4.0.0":
  version: 4.0.0
  resolution: "form-data@npm:4.0.0"
  dependencies:
    asynckit: ^0.4.0
    combined-stream: ^1.0.8
    mime-types: ^2.1.12
  checksum: 01135bf8675f9d5c61ff18e2e2932f719ca4de964e3be90ef4c36aacfc7b9cb2fceb5eca0b7e0190e3383fe51c5b37f4cb80b62ca06a99aaabfcfd6ac7c9328c
  languageName: node
  linkType: hard

"function-bind@npm:^1.1.1":
  version: 1.1.1
  resolution: "function-bind@npm:1.1.1"
  checksum: b32fbaebb3f8ec4969f033073b43f5c8befbb58f1a79e12f1d7490358150359ebd92f49e72ff0144f65f2c48ea2a605bff2d07965f548f6474fd8efd95bf361a
  languageName: node
  linkType: hard

"getopts@npm:2.3.0":
  version: 2.3.0
  resolution: "getopts@npm:2.3.0"
  checksum: bbb5fcef8d4a8582cf4499ea3fc492d95322df2184e65d550ddacede04871e7ba33194c7abd06a6c5d540de3b70112a16f988787e236e1c66b89521032b398ce
  languageName: node
  linkType: hard

"has@npm:^1.0.3":
  version: 1.0.3
  resolution: "has@npm:1.0.3"
  dependencies:
    function-bind: ^1.1.1
  checksum: b9ad53d53be4af90ce5d1c38331e712522417d017d5ef1ebd0507e07c2fbad8686fffb8e12ddecd4c39ca9b9b47431afbb975b8abf7f3c3b82c98e9aad052792
  languageName: node
  linkType: hard

"html-encoding-sniffer@npm:^3.0.0":
  version: 3.0.0
  resolution: "html-encoding-sniffer@npm:3.0.0"
  dependencies:
    whatwg-encoding: ^2.0.0
  checksum: 8d806aa00487e279e5ccb573366a951a9f68f65c90298eac9c3a2b440a7ffe46615aff2995a2f61c6746c639234e6179a97e18ca5ccbbf93d3725ef2099a4502
  languageName: node
  linkType: hard

"http-proxy-agent@npm:^5.0.0":
  version: 5.0.0
  resolution: "http-proxy-agent@npm:5.0.0"
  dependencies:
    "@tootallnate/once": 2
    agent-base: 6
    debug: 4
  checksum: e2ee1ff1656a131953839b2a19cd1f3a52d97c25ba87bd2559af6ae87114abf60971e498021f9b73f9fd78aea8876d1fb0d4656aac8a03c6caa9fc175f22b786
  languageName: node
  linkType: hard

"https-proxy-agent@npm:^5.0.0":
  version: 5.0.0
  resolution: "https-proxy-agent@npm:5.0.0"
  dependencies:
    agent-base: 6
    debug: 4
  checksum: 165bfb090bd26d47693597661298006841ab733d0c7383a8cb2f17373387a94c903a3ac687090aa739de05e379ab6f868bae84ab4eac288ad85c328cd1ec9e53
  languageName: node
  linkType: hard

"iconv-lite@npm:0.6.3":
  version: 0.6.3
  resolution: "iconv-lite@npm:0.6.3"
  dependencies:
    safer-buffer: ">= 2.1.2 < 3.0.0"
  checksum: 3f60d47a5c8fc3313317edfd29a00a692cc87a19cac0159e2ce711d0ebc9019064108323b5e493625e25594f11c6236647d8e256fbe7a58f4a3b33b89e6d30bf
  languageName: node
  linkType: hard

"inherits@npm:^2.0.3":
  version: 2.0.4
  resolution: "inherits@npm:2.0.4"
  checksum: 4a48a733847879d6cf6691860a6b1e3f0f4754176e4d71494c41f3475553768b10f84b5ce1d40fbd0e34e6bfbb864ee35858ad4dd2cf31e02fc4a154b724d7f1
  languageName: node
  linkType: hard

"interpret@npm:^2.2.0":
  version: 2.2.0
  resolution: "interpret@npm:2.2.0"
  checksum: f51efef7cb8d02da16408ffa3504cd6053014c5aeb7bb8c223727e053e4235bf565e45d67028b0c8740d917c603807aa3c27d7bd2f21bf20b6417e2bb3e5fd6e
  languageName: node
  linkType: hard

"is-arrayish@npm:^0.3.1":
  version: 0.3.2
  resolution: "is-arrayish@npm:0.3.2"
  checksum: 977e64f54d91c8f169b59afcd80ff19227e9f5c791fa28fa2e5bce355cbaf6c2c356711b734656e80c9dd4a854dd7efcf7894402f1031dfc5de5d620775b4d5f
  languageName: node
  linkType: hard

"is-core-module@npm:^2.8.0":
  version: 2.8.1
  resolution: "is-core-module@npm:2.8.1"
  dependencies:
    has: ^1.0.3
  checksum: 418b7bc10768a73c41c7ef497e293719604007f88934a6ffc5f7c78702791b8528102fb4c9e56d006d69361549b3d9519440214a74aefc7e0b79e5e4411d377f
  languageName: node
  linkType: hard

"is-potential-custom-element-name@npm:^1.0.1":
  version: 1.0.1
  resolution: "is-potential-custom-element-name@npm:1.0.1"
  checksum: ced7bbbb6433a5b684af581872afe0e1767e2d1146b2207ca0068a648fb5cab9d898495d1ac0583524faaf24ca98176a7d9876363097c2d14fee6dd324f3a1ab
  languageName: node
  linkType: hard

"is-redirect@npm:^1.0.0":
  version: 1.0.0
  resolution: "is-redirect@npm:1.0.0"
  checksum: 25dd3d9943f57ef0f29d28e2d9deda8288e0c7098ddc65abec3364ced9a6491ea06cfaf5110c61fc40ec1fde706b73cee5d171f85278edbf4e409b85725bfea7
  languageName: node
  linkType: hard

"is-stream@npm:^2.0.0":
  version: 2.0.1
  resolution: "is-stream@npm:2.0.1"
  checksum: b8e05ccdf96ac330ea83c12450304d4a591f9958c11fd17bed240af8d5ffe08aedafa4c0f4cfccd4d28dc9d4d129daca1023633d5c11601a6cbc77521f6fae66
  languageName: node
  linkType: hard

"is_js@npm:^0.9.0":
  version: 0.9.0
  resolution: "is_js@npm:0.9.0"
  checksum: bf7f0fc52187eda1ca597da0a20b85c4828b9bca5f08c5f2f6dd64d437384bdc9628674c78cee510f9600050871f7d783738d35dc6f5fe80e2a8848be5fbdce9
  languageName: node
  linkType: hard

"jaildata@workspace:.":
  version: 0.0.0-use.local
  resolution: "jaildata@workspace:."
  dependencies:
    axios: ^0.25.0
    axios-cookiejar-support: ^1.0.1
    dotenv: ^14.2.0
    jsdom: ^19.0.0
    knex: ^1.0.1
    pg: ^8.7.1
    rollbar: ^2.24.0
    tough-cookie: ^4.0.0
    winston: ^3.4.0
    winston-transport: ^4.4.2
  languageName: unknown
  linkType: soft

"jsdom@npm:^19.0.0":
  version: 19.0.0
  resolution: "jsdom@npm:19.0.0"
  dependencies:
    abab: ^2.0.5
    acorn: ^8.5.0
    acorn-globals: ^6.0.0
    cssom: ^0.5.0
    cssstyle: ^2.3.0
    data-urls: ^3.0.1
    decimal.js: ^10.3.1
    domexception: ^4.0.0
    escodegen: ^2.0.0
    form-data: ^4.0.0
    html-encoding-sniffer: ^3.0.0
    http-proxy-agent: ^5.0.0
    https-proxy-agent: ^5.0.0
    is-potential-custom-element-name: ^1.0.1
    nwsapi: ^2.2.0
    parse5: 6.0.1
    saxes: ^5.0.1
    symbol-tree: ^3.2.4
    tough-cookie: ^4.0.0
    w3c-hr-time: ^1.0.2
    w3c-xmlserializer: ^3.0.0
    webidl-conversions: ^7.0.0
    whatwg-encoding: ^2.0.0
    whatwg-mimetype: ^3.0.0
    whatwg-url: ^10.0.0
    ws: ^8.2.3
    xml-name-validator: ^4.0.0
  peerDependencies:
    canvas: ^2.5.0
  peerDependenciesMeta:
    canvas:
      optional: true
  checksum: 94b693bf4a394097dd96705550bb7b6cd3c8db3c5414e6e9c92a0995ed8b61067597da2f37fca6bed4b5a2f1ef33960ee759522156dccd0b306311988ea87cfb
  languageName: node
  linkType: hard

"json-stringify-safe@npm:~5.0.0":
  version: 5.0.1
  resolution: "json-stringify-safe@npm:5.0.1"
  checksum: 48ec0adad5280b8a96bb93f4563aa1667fd7a36334f79149abd42446d0989f2ddc58274b479f4819f1f00617957e6344c886c55d05a4e15ebb4ab931e4a6a8ee
  languageName: node
  linkType: hard

"knex@npm:^1.0.1":
  version: 1.0.1
  resolution: "knex@npm:1.0.1"
  dependencies:
    colorette: 2.0.16
    commander: ^8.3.0
    debug: 4.3.3
    escalade: ^3.1.1
    esm: ^3.2.25
    getopts: 2.3.0
    interpret: ^2.2.0
    lodash: ^4.17.21
    pg-connection-string: 2.5.0
    rechoir: ^0.8.0
    resolve-from: ^5.0.0
    tarn: ^3.0.2
    tildify: 2.0.0
  peerDependenciesMeta:
    "@vscode/sqlite3":
      optional: true
    better-sqlite3:
      optional: true
    mysql:
      optional: true
    mysql2:
      optional: true
    pg:
      optional: true
    pg-native:
      optional: true
    sqlite3:
      optional: true
    tedious:
      optional: true
  bin:
    knex: bin/cli.js
  checksum: e89a1f8266757891e7e8bf10ee1655879237299182a68a806579f3e5f31148b88958762608fafbecb6fbc6aee2acb84924fc4d53e4fd59bf0ca622076e420b6f
  languageName: node
  linkType: hard

"kuler@npm:^2.0.0":
  version: 2.0.0
  resolution: "kuler@npm:2.0.0"
  checksum: 9e10b5a1659f9ed8761d38df3c35effabffbd19fc6107324095238e4ef0ff044392cae9ac64a1c2dda26e532426485342226b93806bd97504b174b0dcf04ed81
  languageName: node
  linkType: hard

"levn@npm:~0.3.0":
  version: 0.3.0
  resolution: "levn@npm:0.3.0"
  dependencies:
    prelude-ls: ~1.1.2
    type-check: ~0.3.2
  checksum: 0d084a524231a8246bb10fec48cdbb35282099f6954838604f3c7fc66f2e16fa66fd9cc2f3f20a541a113c4dafdf181e822c887c8a319c9195444e6c64ac395e
  languageName: node
  linkType: hard

"lodash@npm:^4.17.21":
  version: 4.17.21
  resolution: "lodash@npm:4.17.21"
  checksum: eb835a2e51d381e561e508ce932ea50a8e5a68f4ebdd771ea240d3048244a8d13658acbd502cd4829768c56f2e16bdd4340b9ea141297d472517b83868e677f7
  languageName: node
  linkType: hard

"logform@npm:^2.3.2":
  version: 2.3.2
  resolution: "logform@npm:2.3.2"
  dependencies:
    colors: 1.4.0
    fecha: ^4.2.0
    ms: ^2.1.1
    safe-stable-stringify: ^1.1.0
    triple-beam: ^1.3.0
  checksum: e4ccf22a1355c6f03b635d6b7905d5ac2d75fca8e6d5bf33a801793c654764138d584fec03411b13bffecaafa0003a70e6cf4f2f0af62d0e324d62622921405a
  languageName: node
  linkType: hard

"lru-cache@npm:~2.2.1":
  version: 2.2.4
  resolution: "lru-cache@npm:2.2.4"
  checksum: 359545b52ea5256d4ffda8a262e200f6df279896aaeee9d228034a9a94dc0ba9faa7a87d169f45aa1d8622d428741005dd6b4dd8592a24ceae3658ff015a4b39
  languageName: node
  linkType: hard

"mime-db@npm:1.51.0":
  version: 1.51.0
  resolution: "mime-db@npm:1.51.0"
  checksum: 613b1ac9d6e725cc24444600b124a7f1ce6c60b1baa654f39a3e260d0995a6dffc5693190217e271af7e2a5612dae19f2a73f3e316707d797a7391165f7ef423
  languageName: node
  linkType: hard

"mime-types@npm:^2.1.12":
  version: 2.1.34
  resolution: "mime-types@npm:2.1.34"
  dependencies:
    mime-db: 1.51.0
  checksum: 67013de9e9d6799bde6d669d18785b7e18bcd212e710d3e04a4727f92f67a8ad4e74aee24be28b685adb794944814bde649119b58ee3282ffdbee58f9278d9f3
  languageName: node
  linkType: hard

"ms@npm:2.1.2":
  version: 2.1.2
  resolution: "ms@npm:2.1.2"
  checksum: 673cdb2c3133eb050c745908d8ce632ed2c02d85640e2edb3ace856a2266a813b30c613569bf3354fdf4ea7d1a1494add3bfa95e2713baa27d0c2c71fc44f58f
  languageName: node
  linkType: hard

"ms@npm:^2.1.1":
  version: 2.1.3
  resolution: "ms@npm:2.1.3"
  checksum: aa92de608021b242401676e35cfa5aa42dd70cbdc082b916da7fb925c542173e36bce97ea3e804923fe92c0ad991434e4a38327e15a1b5b5f945d66df615ae6d
  languageName: node
  linkType: hard

"nwsapi@npm:^2.2.0":
  version: 2.2.0
  resolution: "nwsapi@npm:2.2.0"
  checksum: 5ef4a9bc0c1a5b7f2e014aa6a4b359a257503b796618ed1ef0eb852098f77e772305bb0e92856e4bbfa3e6c75da48c0113505c76f144555ff38867229c2400a7
  languageName: node
  linkType: hard

"one-time@npm:^1.0.0":
  version: 1.0.0
  resolution: "one-time@npm:1.0.0"
  dependencies:
    fn.name: 1.x.x
  checksum: fd008d7e992bdec1c67f53a2f9b46381ee12a9b8c309f88b21f0223546003fb47e8ad7c1fd5843751920a8d276c63bd4b45670ef80c61fb3e07dbccc962b5c7d
  languageName: node
  linkType: hard

"optionator@npm:^0.8.1":
  version: 0.8.3
  resolution: "optionator@npm:0.8.3"
  dependencies:
    deep-is: ~0.1.3
    fast-levenshtein: ~2.0.6
    levn: ~0.3.0
    prelude-ls: ~1.1.2
    type-check: ~0.3.2
    word-wrap: ~1.2.3
  checksum: b8695ddf3d593203e25ab0900e265d860038486c943ff8b774f596a310f8ceebdb30c6832407a8198ba3ec9debe1abe1f51d4aad94843612db3b76d690c61d34
  languageName: node
  linkType: hard

"packet-reader@npm:1.0.0":
  version: 1.0.0
  resolution: "packet-reader@npm:1.0.0"
  checksum: 0b7516f0cbf3e322aad591bed29ba544220088c53943145c0d9121a6f59182ad811f7fd6785a8979a34356aca69d97653689029964c5998dc02645633d88ffd7
  languageName: node
  linkType: hard

"parse5@npm:6.0.1":
  version: 6.0.1
  resolution: "parse5@npm:6.0.1"
  checksum: 7d569a176c5460897f7c8f3377eff640d54132b9be51ae8a8fa4979af940830b2b0c296ce75e5bd8f4041520aadde13170dbdec44889975f906098ea0002f4bd
  languageName: node
  linkType: hard

"path-parse@npm:^1.0.7":
  version: 1.0.7
  resolution: "path-parse@npm:1.0.7"
  checksum: 49abf3d81115642938a8700ec580da6e830dde670be21893c62f4e10bd7dd4c3742ddc603fe24f898cba7eb0c6bc1777f8d9ac14185d34540c6d4d80cd9cae8a
  languageName: node
  linkType: hard

"pg-connection-string@npm:2.5.0, pg-connection-string@npm:^2.5.0":
  version: 2.5.0
  resolution: "pg-connection-string@npm:2.5.0"
  checksum: a6f3a068f7c9416a5b33a326811caf0dfaaee045c225b7c628b4c9b4e9a2b25bdd12a21e4c48940e1000ea223a4e608ca122d2ff3dd08c8b1db0fc9f5705133a
  languageName: node
  linkType: hard

"pg-int8@npm:1.0.1":
  version: 1.0.1
  resolution: "pg-int8@npm:1.0.1"
  checksum: a1e3a05a69005ddb73e5f324b6b4e689868a447c5fa280b44cd4d04e6916a344ac289e0b8d2695d66e8e89a7fba023affb9e0e94778770ada5df43f003d664c9
  languageName: node
  linkType: hard

"pg-pool@npm:^3.4.1":
  version: 3.4.1
  resolution: "pg-pool@npm:3.4.1"
  peerDependencies:
    pg: ">=8.0"
  checksum: 50d68bd99a5c7ca32ad93ba97462528d6a8df87c5cf5a0743a3f0946bc57be82a45025e67eb8a6e522ed25316747864e5ce043339577a71f8f430e1364da2727
  languageName: node
  linkType: hard

"pg-protocol@npm:^1.5.0":
  version: 1.5.0
  resolution: "pg-protocol@npm:1.5.0"
  checksum: b839d12cafe942ef9cbc5b13c174eb2356804fb4fe8ead8279f46a36be90722d19a91409955beb8a3d5301639c44854e49749de4aef02dc361fee3e2a61fb1e4
  languageName: node
  linkType: hard

"pg-types@npm:^2.1.0":
  version: 2.2.0
  resolution: "pg-types@npm:2.2.0"
  dependencies:
    pg-int8: 1.0.1
    postgres-array: ~2.0.0
    postgres-bytea: ~1.0.0
    postgres-date: ~1.0.4
    postgres-interval: ^1.1.0
  checksum: bf4ec3f594743442857fb3a8dfe5d2478a04c98f96a0a47365014557cbc0b4b0cee01462c79adca863b93befbf88f876299b75b72c665b5fb84a2c94fbd10316
  languageName: node
  linkType: hard

"pg@npm:^8.7.1":
  version: 8.7.1
  resolution: "pg@npm:8.7.1"
  dependencies:
    buffer-writer: 2.0.0
    packet-reader: 1.0.0
    pg-connection-string: ^2.5.0
    pg-pool: ^3.4.1
    pg-protocol: ^1.5.0
    pg-types: ^2.1.0
    pgpass: 1.x
  peerDependencies:
    pg-native: ">=2.0.0"
  peerDependenciesMeta:
    pg-native:
      optional: true
  checksum: 3a17d9a73df9c9f5f99400751144f9d5e8dbe1948ca44f5b5eecb2166ad78cab36d070c2a97438cd3a5d1d083e70af1d3e0aad4554a45fe74b77d98ed4487242
  languageName: node
  linkType: hard

"pgpass@npm:1.x":
  version: 1.0.5
  resolution: "pgpass@npm:1.0.5"
  dependencies:
    split2: ^4.1.0
  checksum: 947ac096c031eebdf08d989de2e9f6f156b8133d6858c7c2c06c041e1e71dda6f5f3bad3c0ec1e96a09497bbc6ef89e762eefe703b5ef9cb2804392ec52ec400
  languageName: node
  linkType: hard

"pify@npm:^5.0.0":
  version: 5.0.0
  resolution: "pify@npm:5.0.0"
  checksum: 443e3e198ad6bfa8c0c533764cf75c9d5bc976387a163792fb553ffe6ce923887cf14eebf5aea9b7caa8eab930da8c33612990ae85bd8c2bc18bedb9eae94ecb
  languageName: node
  linkType: hard

"postgres-array@npm:~2.0.0":
  version: 2.0.0
  resolution: "postgres-array@npm:2.0.0"
  checksum: 0e1e659888147c5de579d229a2d95c0d83ebdbffc2b9396d890a123557708c3b758a0a97ed305ce7f58edfa961fa9f0bbcd1ea9f08b6e5df73322e683883c464
  languageName: node
  linkType: hard

"postgres-bytea@npm:~1.0.0":
  version: 1.0.0
  resolution: "postgres-bytea@npm:1.0.0"
  checksum: d844ae4ca7a941b70e45cac1261a73ee8ed39d72d3d74ab1d645248185a1b7f0ac91a3c63d6159441020f4e1f7fe64689ac56536a307b31cef361e5187335090
  languageName: node
  linkType: hard

"postgres-date@npm:~1.0.4":
  version: 1.0.7
  resolution: "postgres-date@npm:1.0.7"
  checksum: 5745001d47e51cd767e46bcb1710649cd705d91a24d42fa661c454b6dcbb7353c066a5047983c90a626cd3bbfea9e626cc6fa84a35ec57e5bbb28b49f78e13ed
  languageName: node
  linkType: hard

"postgres-interval@npm:^1.1.0":
  version: 1.2.0
  resolution: "postgres-interval@npm:1.2.0"
  dependencies:
    xtend: ^4.0.0
  checksum: 746b71f93805ae33b03528e429dc624706d1f9b20ee81bf743263efb6a0cd79ae02a642a8a480dbc0f09547b4315ab7df6ce5ec0be77ed700bac42730f5c76b2
  languageName: node
  linkType: hard

"prelude-ls@npm:~1.1.2":
  version: 1.1.2
  resolution: "prelude-ls@npm:1.1.2"
  checksum: c4867c87488e4a0c233e158e4d0d5565b609b105d75e4c05dc760840475f06b731332eb93cc8c9cecb840aa8ec323ca3c9a56ad7820ad2e63f0261dadcb154e4
  languageName: node
  linkType: hard

"psl@npm:^1.1.33":
  version: 1.8.0
  resolution: "psl@npm:1.8.0"
  checksum: 6150048ed2da3f919478bee8a82f3828303bc0fc730fb015a48f83c9977682c7b28c60ab01425a72d82a2891a1681627aa530a991d50c086b48a3be27744bde7
  languageName: node
  linkType: hard

"punycode@npm:^2.1.1":
  version: 2.1.1
  resolution: "punycode@npm:2.1.1"
  checksum: 823bf443c6dd14f669984dea25757b37993f67e8d94698996064035edd43bed8a5a17a9f12e439c2b35df1078c6bec05a6c86e336209eb1061e8025c481168e8
  languageName: node
  linkType: hard

"readable-stream@npm:^3.4.0":
  version: 3.6.0
  resolution: "readable-stream@npm:3.6.0"
  dependencies:
    inherits: ^2.0.3
    string_decoder: ^1.1.1
    util-deprecate: ^1.0.1
  checksum: d4ea81502d3799439bb955a3a5d1d808592cf3133350ed352aeaa499647858b27b1c4013984900238b0873ec8d0d8defce72469fb7a83e61d53f5ad61cb80dc8
  languageName: node
  linkType: hard

"rechoir@npm:^0.8.0":
  version: 0.8.0
  resolution: "rechoir@npm:0.8.0"
  dependencies:
    resolve: ^1.20.0
  checksum: ad3caed8afdefbc33fbc30e6d22b86c35b3d51c2005546f4e79bcc03c074df804b3640ad18945e6bef9ed12caedc035655ec1082f64a5e94c849ff939dc0a788
  languageName: node
  linkType: hard

"request-ip@npm:~2.0.1":
  version: 2.0.2
  resolution: "request-ip@npm:2.0.2"
  dependencies:
    is_js: ^0.9.0
  checksum: 42e66d1cac4788cd7ef879fce452a06f8ff6b55ddbd3a9d05dcee9ebc8ccfe6ff1da10ba9fa6e7deb019004c7332b620f8224108d026fa8f2984cd6790f985ba
  languageName: node
  linkType: hard

"resolve-from@npm:^5.0.0":
  version: 5.0.0
  resolution: "resolve-from@npm:5.0.0"
  checksum: 4ceeb9113e1b1372d0cd969f3468fa042daa1dd9527b1b6bb88acb6ab55d8b9cd65dbf18819f9f9ddf0db804990901dcdaade80a215e7b2c23daae38e64f5bdf
  languageName: node
  linkType: hard

"resolve@npm:^1.20.0":
  version: 1.21.1
  resolution: "resolve@npm:1.21.1"
  dependencies:
    is-core-module: ^2.8.0
    path-parse: ^1.0.7
    supports-preserve-symlinks-flag: ^1.0.0
  bin:
    resolve: bin/resolve
  checksum: 4703fbd6ddaebf7a7f7834ca29f5cfa2c64ef7988ac34bcd26148f0d017783d3a475936ffca02add1b9696e0d1db2a75210052c4b08e748e144e2886e575617c
  languageName: node
  linkType: hard

"resolve@patch:resolve@^1.20.0#~builtin<compat/resolve>":
  version: 1.21.1
  resolution: "resolve@patch:resolve@npm%3A1.21.1#~builtin<compat/resolve>::version=1.21.1&hash=07638b"
  dependencies:
    is-core-module: ^2.8.0
    path-parse: ^1.0.7
    supports-preserve-symlinks-flag: ^1.0.0
  bin:
    resolve: bin/resolve
  checksum: 112e944aa5c73dbeeefb1a1d8f9c70886a063b49f7f5bc4a2d3af1dc68967281da9ae388435634c8bf4b5a239026a4b5e25c5e9eca07c1190bc23c3dc0446dc5
  languageName: node
  linkType: hard

"rollbar@npm:^2.24.0":
  version: 2.24.0
  resolution: "rollbar@npm:2.24.0"
  dependencies:
    async: ~1.2.1
    console-polyfill: 0.3.0
    decache: ^3.0.5
    error-stack-parser: ^2.0.4
    json-stringify-safe: ~5.0.0
    lru-cache: ~2.2.1
    request-ip: ~2.0.1
    source-map: ^0.5.7
    uuid: 3.0.x
  dependenciesMeta:
    decache:
      optional: true
  checksum: 81af2a10f4e601a483dde58a35194eab09ddc70f764e2768933fa70f07b10f323458fb7c4227f2949b8d5c261e7528daf506c34b94fe614b98e659cb3b6ee95b
  languageName: node
  linkType: hard

"safe-buffer@npm:~5.2.0":
  version: 5.2.1
  resolution: "safe-buffer@npm:5.2.1"
  checksum: b99c4b41fdd67a6aaf280fcd05e9ffb0813654894223afb78a31f14a19ad220bba8aba1cb14eddce1fcfb037155fe6de4e861784eb434f7d11ed58d1e70dd491
  languageName: node
  linkType: hard

"safe-stable-stringify@npm:^1.1.0":
  version: 1.1.1
  resolution: "safe-stable-stringify@npm:1.1.1"
  checksum: e32a30720e8a2e3043b8b96733f015c1aa7a21a5a328074ce917b8afe4d26b4308c186c74fa92131e5f794b1efc63caa32defafceaa2981accaaedbc8b2c861c
  languageName: node
  linkType: hard

"safer-buffer@npm:>= 2.1.2 < 3.0.0":
  version: 2.1.2
  resolution: "safer-buffer@npm:2.1.2"
  checksum: cab8f25ae6f1434abee8d80023d7e72b598cf1327164ddab31003c51215526801e40b66c5e65d658a0af1e9d6478cadcb4c745f4bd6751f97d8644786c0978b0
  languageName: node
  linkType: hard

"saxes@npm:^5.0.1":
  version: 5.0.1
  resolution: "saxes@npm:5.0.1"
  dependencies:
    xmlchars: ^2.2.0
  checksum: 5636b55cf15f7cf0baa73f2797bf992bdcf75d1b39d82c0aa4608555c774368f6ac321cb641fd5f3d3ceb87805122cd47540da6a7b5960fe0dbdb8f8c263f000
  languageName: node
  linkType: hard

"simple-swizzle@npm:^0.2.2":
  version: 0.2.2
  resolution: "simple-swizzle@npm:0.2.2"
  dependencies:
    is-arrayish: ^0.3.1
  checksum: a7f3f2ab5c76c4472d5c578df892e857323e452d9f392e1b5cf74b74db66e6294a1e1b8b390b519fa1b96b5b613f2a37db6cffef52c3f1f8f3c5ea64eb2d54c0
  languageName: node
  linkType: hard

"source-map@npm:^0.5.7":
  version: 0.5.7
  resolution: "source-map@npm:0.5.7"
  checksum: 5dc2043b93d2f194142c7f38f74a24670cd7a0063acdaf4bf01d2964b402257ae843c2a8fa822ad5b71013b5fcafa55af7421383da919752f22ff488bc553f4d
  languageName: node
  linkType: hard

"source-map@npm:~0.6.1":
  version: 0.6.1
  resolution: "source-map@npm:0.6.1"
  checksum: 59ce8640cf3f3124f64ac289012c2b8bd377c238e316fb323ea22fbfe83da07d81e000071d7242cad7a23cd91c7de98e4df8830ec3f133cb6133a5f6e9f67bc2
  languageName: node
  linkType: hard

"split2@npm:^4.1.0":
  version: 4.1.0
  resolution: "split2@npm:4.1.0"
  checksum: ec581597cb74c13cdfb5e2047543dd40cb1e8e9803c7b1e0c29ede05f2b4f049b2d6e7f2788a225d544549375719658b8f38e9366364dec35dc7a12edfda5ee5
  languageName: node
  linkType: hard

"stack-trace@npm:0.0.x":
  version: 0.0.10
  resolution: "stack-trace@npm:0.0.10"
  checksum: 473036ad32f8c00e889613153d6454f9be0536d430eb2358ca51cad6b95cea08a3cc33cc0e34de66b0dad221582b08ed2e61ef8e13f4087ab690f388362d6610
  languageName: node
  linkType: hard

"stackframe@npm:^1.1.1":
  version: 1.2.0
  resolution: "stackframe@npm:1.2.0"
  checksum: 37d659bdd574e118a48c445a9a054a2b8dee6d6ad54eb16c51c7dae622c0f4994b9ff4e47d744aa6cfd14c00b477e145f34db3df78771f3e783ce8f357616d00
  languageName: node
  linkType: hard

"string_decoder@npm:^1.1.1":
  version: 1.3.0
  resolution: "string_decoder@npm:1.3.0"
  dependencies:
    safe-buffer: ~5.2.0
  checksum: 8417646695a66e73aefc4420eb3b84cc9ffd89572861fe004e6aeb13c7bc00e2f616247505d2dbbef24247c372f70268f594af7126f43548565c68c117bdeb56
  languageName: node
  linkType: hard

"supports-preserve-symlinks-flag@npm:^1.0.0":
  version: 1.0.0
  resolution: "supports-preserve-symlinks-flag@npm:1.0.0"
  checksum: 53b1e247e68e05db7b3808b99b892bd36fb096e6fba213a06da7fab22045e97597db425c724f2bbd6c99a3c295e1e73f3e4de78592289f38431049e1277ca0ae
  languageName: node
  linkType: hard

"symbol-tree@npm:^3.2.4":
  version: 3.2.4
  resolution: "symbol-tree@npm:3.2.4"
  checksum: 6e8fc7e1486b8b54bea91199d9535bb72f10842e40c79e882fc94fb7b14b89866adf2fd79efa5ebb5b658bc07fb459ccce5ac0e99ef3d72f474e74aaf284029d
  languageName: node
  linkType: hard

"tarn@npm:^3.0.2":
  version: 3.0.2
  resolution: "tarn@npm:3.0.2"
  checksum: 27a69658f02504979c5b02e500522e78ec12ef893b90cb00fdef794f9d847a92ed78f6c0ad12e82b8919519bded6a8d6d0000442cd0c6d6ea83cd9b7297729af
  languageName: node
  linkType: hard

"text-hex@npm:1.0.x":
  version: 1.0.0
  resolution: "text-hex@npm:1.0.0"
  checksum: 1138f68adc97bf4381a302a24e2352f04992b7b1316c5003767e9b0d3367ffd0dc73d65001ea02b07cd0ecc2a9d186de0cf02f3c2d880b8a522d4ccb9342244a
  languageName: node
  linkType: hard

"tildify@npm:2.0.0":
  version: 2.0.0
  resolution: "tildify@npm:2.0.0"
  checksum: 0f5fee93624c4afdf75ee224c3b65aece4817ba5317fd70f49eaf084ea720d73556a6ef3f50079425a773ba3b93805b4524d14057841d4e4336516fdbe80635b
  languageName: node
  linkType: hard

"tough-cookie@npm:^4.0.0":
  version: 4.0.0
  resolution: "tough-cookie@npm:4.0.0"
  dependencies:
    psl: ^1.1.33
    punycode: ^2.1.1
    universalify: ^0.1.2
  checksum: 0891b37eb7d17faa3479d47f0dce2e3007f2583094ad272f2670d120fbcc3df3b0b0a631ba96ecad49f9e2297d93ff8995ce0d3292d08dd7eabe162f5b224d69
  languageName: node
  linkType: hard

"tr46@npm:^3.0.0":
  version: 3.0.0
  resolution: "tr46@npm:3.0.0"
  dependencies:
    punycode: ^2.1.1
  checksum: 44c3cc6767fb800490e6e9fd64fd49041aa4e49e1f6a012b34a75de739cc9ed3a6405296072c1df8b6389ae139c5e7c6496f659cfe13a04a4bff3a1422981270
  languageName: node
  linkType: hard

"traverse-chain@npm:~0.1.0":
  version: 0.1.0
  resolution: "traverse-chain@npm:0.1.0"
  checksum: dea79231a429a3dd80a829ff83e8914b6d0032d55dd0971f69d5273e95155869fca400dd9e22f0d91c3b0dda9668aaeeb694f525d7e5a55ca7f695cc149088a2
  languageName: node
  linkType: hard

"triple-beam@npm:^1.2.0, triple-beam@npm:^1.3.0":
  version: 1.3.0
  resolution: "triple-beam@npm:1.3.0"
  checksum: 7d7b77d8625fb252c126c24984a68de462b538a8fcd1de2abd0a26421629cf3527d48e23b3c2264f08f4a6c3bc40a478a722176f4d7b6a1acc154cb70c359f2b
  languageName: node
  linkType: hard

"type-check@npm:~0.3.2":
  version: 0.3.2
  resolution: "type-check@npm:0.3.2"
  dependencies:
    prelude-ls: ~1.1.2
  checksum: dd3b1495642731bc0e1fc40abe5e977e0263005551ac83342ecb6f4f89551d106b368ec32ad3fb2da19b3bd7b2d1f64330da2ea9176d8ddbfe389fb286eb5124
  languageName: node
  linkType: hard

"universalify@npm:^0.1.2":
  version: 0.1.2
  resolution: "universalify@npm:0.1.2"
  checksum: 40cdc60f6e61070fe658ca36016a8f4ec216b29bf04a55dce14e3710cc84c7448538ef4dad3728d0bfe29975ccd7bfb5f414c45e7b78883567fb31b246f02dff
  languageName: node
  linkType: hard

"util-deprecate@npm:^1.0.1":
  version: 1.0.2
  resolution: "util-deprecate@npm:1.0.2"
  checksum: 474acf1146cb2701fe3b074892217553dfcf9a031280919ba1b8d651a068c9b15d863b7303cb15bd00a862b498e6cf4ad7b4a08fb134edd5a6f7641681cb54a2
  languageName: node
  linkType: hard

"uuid@npm:3.0.x":
  version: 3.0.1
  resolution: "uuid@npm:3.0.1"
  bin:
    uuid: ./bin/uuid
  checksum: 3e18e3bf6fcf92f379c55a816c0d4b2e85c1a15bd67a5c9798a40bac91810673d0e6209a4cc3c334966ec105e861953da49e8cd4e7db05a45c03f6b6a3b6a64b
  languageName: node
  linkType: hard

"w3c-hr-time@npm:^1.0.2":
  version: 1.0.2
  resolution: "w3c-hr-time@npm:1.0.2"
  dependencies:
    browser-process-hrtime: ^1.0.0
  checksum: ec3c2dacbf8050d917bbf89537a101a08c2e333b4c19155f7d3bedde43529d4339db6b3d049d9610789cb915f9515f8be037e0c54c079e9d4735c50b37ed52b9
  languageName: node
  linkType: hard

"w3c-xmlserializer@npm:^3.0.0":
  version: 3.0.0
  resolution: "w3c-xmlserializer@npm:3.0.0"
  dependencies:
    xml-name-validator: ^4.0.0
  checksum: 0af8589942eeb11c9fe29eb31a1a09f3d5dd136aea53a9848dfbabff79ac0dd26fe13eb54d330d5555fe27bb50b28dca0715e09f9cc2bfa7670ccc8b7f919ca2
  languageName: node
  linkType: hard

"webidl-conversions@npm:^7.0.0":
  version: 7.0.0
  resolution: "webidl-conversions@npm:7.0.0"
  checksum: f05588567a2a76428515333eff87200fae6c83c3948a7482ebb109562971e77ef6dc49749afa58abb993391227c5697b3ecca52018793e0cb4620a48f10bd21b
  languageName: node
  linkType: hard

"whatwg-encoding@npm:^2.0.0":
  version: 2.0.0
  resolution: "whatwg-encoding@npm:2.0.0"
  dependencies:
    iconv-lite: 0.6.3
  checksum: 7087810c410aa9b689cbd6af8773341a53cdc1f3aae2a882c163bd5522ec8ca4cdfc269aef417a5792f411807d5d77d50df4c24e3abb00bb60192858a40cc675
  languageName: node
  linkType: hard

"whatwg-mimetype@npm:^3.0.0":
  version: 3.0.0
  resolution: "whatwg-mimetype@npm:3.0.0"
  checksum: ce08bbb36b6aaf64f3a84da89707e3e6a31e5ab1c1a2379fd68df79ba712a4ab090904f0b50e6693b0dafc8e6343a6157e40bf18fdffd26e513cf95ee2a59824
  languageName: node
  linkType: hard

"whatwg-url@npm:^10.0.0":
  version: 10.0.0
  resolution: "whatwg-url@npm:10.0.0"
  dependencies:
    tr46: ^3.0.0
    webidl-conversions: ^7.0.0
  checksum: a21ec309c5cc743fe9414509408bedf65eaf0fb5c17ac66baa08ef12fce16da4dd30ce90abefbd5a716408301c58a73666dabfd5042cf4242992eb98b954f861
  languageName: node
  linkType: hard

"winston-transport@npm:^4.4.2":
  version: 4.4.2
  resolution: "winston-transport@npm:4.4.2"
  dependencies:
    logform: ^2.3.2
    readable-stream: ^3.4.0
    triple-beam: ^1.2.0
  checksum: 1f1732d12f4e28d7cd0be110482035b3a3647f8ed07d681e9b79b4b2e168aaa34d91a3bbe9c7374d8df2ef9d6fd38f4add70d66798930d4c7cebb555ff8496f9
  languageName: node
  linkType: hard

"winston@npm:^3.4.0":
  version: 3.4.0
  resolution: "winston@npm:3.4.0"
  dependencies:
    "@dabh/diagnostics": ^2.0.2
    async: ^3.2.3
    is-stream: ^2.0.0
    logform: ^2.3.2
    one-time: ^1.0.0
    readable-stream: ^3.4.0
    stack-trace: 0.0.x
    triple-beam: ^1.3.0
    winston-transport: ^4.4.2
  checksum: 9d06652788b611e1fa7891b0c0bad8a7fb4c08f12856a186058008292034f08ad638765f2b4345a1963116be0e3533dcbd0c7e626524aa4e4cb2018b82a6f6ec
  languageName: node
  linkType: hard

"word-wrap@npm:~1.2.3":
  version: 1.2.3
  resolution: "word-wrap@npm:1.2.3"
  checksum: 30b48f91fcf12106ed3186ae4fa86a6a1842416df425be7b60485de14bec665a54a68e4b5156647dec3a70f25e84d270ca8bc8cd23182ed095f5c7206a938c1f
  languageName: node
  linkType: hard

"ws@npm:^8.2.3":
  version: 8.4.2
  resolution: "ws@npm:8.4.2"
  peerDependencies:
    bufferutil: ^4.0.1
    utf-8-validate: ^5.0.2
  peerDependenciesMeta:
    bufferutil:
      optional: true
    utf-8-validate:
      optional: true
  checksum: 4369caaac8d1092a73871f5cf1d87fcbb995dc4183a1bc48e4f451bc2d02d0a8bf7c17edf1da18e2be3c773b09262275356b256d1c55bc7ca096154293ba2a8c
  languageName: node
  linkType: hard

"xml-name-validator@npm:^4.0.0":
  version: 4.0.0
  resolution: "xml-name-validator@npm:4.0.0"
  checksum: af100b79c29804f05fa35aa3683e29a321db9b9685d5e5febda3fa1e40f13f85abc40f45a6b2bf7bee33f68a1dc5e8eaef4cec100a304a9db565e6061d4cb5ad
  languageName: node
  linkType: hard

"xmlchars@npm:^2.2.0":
  version: 2.2.0
  resolution: "xmlchars@npm:2.2.0"
  checksum: 8c70ac94070ccca03f47a81fcce3b271bd1f37a591bf5424e787ae313fcb9c212f5f6786e1fa82076a2c632c0141552babcd85698c437506dfa6ae2d58723062
  languageName: node
  linkType: hard

"xtend@npm:^4.0.0":
  version: 4.0.2
  resolution: "xtend@npm:4.0.2"
  checksum: ac5dfa738b21f6e7f0dd6e65e1b3155036d68104e67e5d5d1bde74892e327d7e5636a076f625599dc394330a731861e87343ff184b0047fef1360a7ec0a5a36a
  languageName: node
  linkType: hard
